<?xml version="1.0" encoding="utf-8"?>
<Project ToolsVersion="4.0" xmlns="http://schemas.microsoft.com/developer/msbuild/2003">
  <ItemGroup>
    <Filter Include="Source Files">
      <UniqueIdentifier>{4FC737F1-C7A5-4376-A066-2A32D752A2FF}</UniqueIdentifier>
      <Extensions>cpp;c;cc;cxx;def;odl;idl;hpj;bat;asm;asmx</Extensions>
    </Filter>
    <Filter Include="Header Files">
      <UniqueIdentifier>{93995380-89BD-4b04-88EB-625FBE52EBFB}</UniqueIdentifier>
      <Extensions>h;hh;hpp;hxx;hm;inl;inc;ipp;xsd</Extensions>
    </Filter>
    <Filter Include="Resource Files">
      <UniqueIdentifier>{67DA6AB6-F800-4c08-8B7A-83BB121AAD01}</UniqueIdentifier>
      <Extensions>rc;ico;cur;bmp;dlg;rc2;rct;bin;rgs;gif;jpg;jpeg;jpe;resx;tiff;tif;png;wav;mfcribbon-ms</Extensions>
    </Filter>
    <Filter Include="Header Files\Lights">
      <UniqueIdentifier>{7ca016fe-7441-46f8-9c67-fabd01f15388}</UniqueIdentifier>
    </Filter>
    <Filter Include="Source Files\Lights">
      <UniqueIdentifier>{ef225c95-667c-4042-882c-9c39244d1ec7}</UniqueIdentifier>
    </Filter>
    <Filter Include="Resource Files\Shaders">
      <UniqueIdentifier>{e2706d75-dfb3-401c-9bdc-5e95f46c49f8}</UniqueIdentifier>
    </Filter>
    <Filter Include="Resource Files\Shaders\Phong">
      <UniqueIdentifier>{b159d736-acb8-417f-8847-020f9151bf7d}</UniqueIdentifier>
    </Filter>
    <Filter Include="Source Files\Component">
      <UniqueIdentifier>{83a966a0-a04b-4526-946b-1c11224e68e2}</UniqueIdentifier>
    </Filter>
    <Filter Include="Resource Files\Scenes">
      <UniqueIdentifier>{a30dc381-1cd6-4d19-9b26-d0d3a1d50b8d}</UniqueIdentifier>
    </Filter>
    <Filter Include="Header Files\Utility">
      <UniqueIdentifier>{2d026639-3267-4dfa-a385-841b68b78989}</UniqueIdentifier>
    </Filter>
    <Filter Include="Source Files\Utility">
      <UniqueIdentifier>{bc823295-b942-4e0e-9704-33408752168b}</UniqueIdentifier>
    </Filter>
    <Filter Include="Resource Files\Maps">
      <UniqueIdentifier>{2199646a-1590-4a0c-97cc-07468df9719b}</UniqueIdentifier>
    </Filter>
    <Filter Include="Header Files\FileObjects">
      <UniqueIdentifier>{d2077ae3-884b-48ce-9d10-098739f5781c}</UniqueIdentifier>
    </Filter>
    <Filter Include="Source Files\FileObjects">
      <UniqueIdentifier>{0a246b4d-14ef-46ff-adc2-eba63beb1be8}</UniqueIdentifier>
    </Filter>
    <Filter Include="Header Files\Component">
      <UniqueIdentifier>{c4a8e61c-f48c-4e75-884f-426bcdfefd8c}</UniqueIdentifier>
    </Filter>
    <Filter Include="Source Files\Data">
      <UniqueIdentifier>{d35a418c-24a6-48af-a22c-44bc1099440a}</UniqueIdentifier>
    </Filter>
    <Filter Include="Header Files\Data">
      <UniqueIdentifier>{95b16827-c780-42ac-8feb-b869d7b5bdf8}</UniqueIdentifier>
    </Filter>
    <Filter Include="Header Files\Component\Local">
      <UniqueIdentifier>{cd87a02b-a999-4703-b5da-3620f316a68c}</UniqueIdentifier>
    </Filter>
    <Filter Include="Header Files\Component\Global">
      <UniqueIdentifier>{9512a08e-5d13-4ce0-bfa4-fef347b1b3cb}</UniqueIdentifier>
    </Filter>
    <Filter Include="Header Files\Component\Global\Colliders">
      <UniqueIdentifier>{2cef7052-b2f9-44a8-8b6f-f0627461ba7a}</UniqueIdentifier>
    </Filter>
    <Filter Include="Source Files\Component\Local">
      <UniqueIdentifier>{2d1042ff-4210-4fd9-bb08-4990a197ef19}</UniqueIdentifier>
    </Filter>
    <Filter Include="Source Files\Component\Global">
      <UniqueIdentifier>{d2d785ba-2adf-4dd8-8022-218be22f4a43}</UniqueIdentifier>
    </Filter>
    <Filter Include="Source Files\Component\Global\Collider">
      <UniqueIdentifier>{5de98c01-7083-45d5-9b4c-6faff61f43ef}</UniqueIdentifier>
    </Filter>
  </ItemGroup>
  <ItemGroup>
    <ClInclude Include="GameObject.h">
      <Filter>Header Files</Filter>
    </ClInclude>
    <ClInclude Include="AmbientLight.h">
      <Filter>Header Files\Lights</Filter>
    </ClInclude>
    <ClInclude Include="DirectionalLight.h">
      <Filter>Header Files\Lights</Filter>
    </ClInclude>
    <ClInclude Include="Light.h">
      <Filter>Header Files\Lights</Filter>
    </ClInclude>
    <ClInclude Include="PointLight.h">
      <Filter>Header Files\Lights</Filter>
    </ClInclude>
    <ClInclude Include="SpotLight.h">
      <Filter>Header Files\Lights</Filter>
    </ClInclude>
    <ClInclude Include="Vec2.h">
      <Filter>Header Files\Utility</Filter>
    </ClInclude>
    <ClInclude Include="Vec3.h">
      <Filter>Header Files\Utility</Filter>
    </ClInclude>
    <ClInclude Include="Collider.h">
      <Filter>Header Files\Component\Global\Colliders</Filter>
    </ClInclude>
    <ClInclude Include="BoxCollider.h">
      <Filter>Header Files\Component\Global\Colliders</Filter>
    </ClInclude>
    <ClInclude Include="SphereCollider.h">
      <Filter>Header Files\Component\Global\Colliders</Filter>
    </ClInclude>
    <ClInclude Include="Utility.h">
      <Filter>Header Files\Utility</Filter>
    </ClInclude>
    <ClInclude Include="Parse.h">
      <Filter>Header Files\Utility</Filter>
    </ClInclude>
    <ClInclude Include="Scene.h">
      <Filter>Header Files\FileObjects</Filter>
    </ClInclude>
    <ClInclude Include="Map.h">
      <Filter>Header Files\FileObjects</Filter>
    </ClInclude>
    <ClInclude Include="Material.h">
      <Filter>Header Files\Data</Filter>
    </ClInclude>
    <ClInclude Include="Mesh.h">
      <Filter>Header Files\Data</Filter>
    </ClInclude>
    <ClInclude Include="PlayerMovement.h">
      <Filter>Header Files\Component\Local</Filter>
    </ClInclude>
    <ClInclude Include="Door.h">
      <Filter>Header Files\Component\Local</Filter>
    </ClInclude>
    <ClInclude Include="Key.h">
      <Filter>Header Files\Component\Local</Filter>
    </ClInclude>
    <ClInclude Include="Camera.h">
      <Filter>Header Files\Component\Global</Filter>
    </ClInclude>
    <ClInclude Include="MeshRenderer.h">
      <Filter>Header Files\Component\Global</Filter>
    </ClInclude>
    <ClInclude Include="Transform.h">
      <Filter>Header Files\Component\Global</Filter>
    </ClInclude>
    <ClInclude Include="Component.h">
      <Filter>Header Files\Component</Filter>
    </ClInclude>
    <ClInclude Include="Grab.h">
      <Filter>Header Files\Component\Local</Filter>
    </ClInclude>
    <ClInclude Include="InteractableObject.h">
      <Filter>Header Files\Component\Local</Filter>
    </ClInclude>
  </ItemGroup>
  <ItemGroup>
    <ClCompile Include="Assignment4.cpp">
      <Filter>Source Files</Filter>
    </ClCompile>
    <ClCompile Include="AmbientLight.cpp">
      <Filter>Source Files\Lights</Filter>
    </ClCompile>
    <ClCompile Include="DirectionalLight.cpp">
      <Filter>Source Files\Lights</Filter>
    </ClCompile>
    <ClCompile Include="Light.cpp">
      <Filter>Source Files\Lights</Filter>
    </ClCompile>
    <ClCompile Include="PointLight.cpp">
      <Filter>Source Files\Lights</Filter>
    </ClCompile>
    <ClCompile Include="SpotLight.cpp">
      <Filter>Source Files\Lights</Filter>
    </ClCompile>
    <ClCompile Include="Vec2.cpp">
      <Filter>Source Files\Utility</Filter>
    </ClCompile>
    <ClCompile Include="Vec3.cpp">
      <Filter>Source Files\Utility</Filter>
    </ClCompile>
    <ClCompile Include="GameObject.cpp">
      <Filter>Source Files</Filter>
    </ClCompile>
    <ClCompile Include="BoxCollider.cpp">
      <Filter>Source Files\Component\Global\Collider</Filter>
    </ClCompile>
    <ClCompile Include="SphereCollider.cpp">
      <Filter>Source Files\Component\Global\Collider</Filter>
    </ClCompile>
    <ClCompile Include="Scene.cpp">
      <Filter>Source Files\FileObjects</Filter>
    </ClCompile>
    <ClCompile Include="Map.cpp">
      <Filter>Source Files\FileObjects</Filter>
    </ClCompile>
    <ClCompile Include="Mesh.cpp">
      <Filter>Source Files\Data</Filter>
    </ClCompile>
    <ClCompile Include="Material.cpp">
      <Filter>Source Files\Data</Filter>
    </ClCompile>
    <ClCompile Include="Door.cpp">
      <Filter>Source Files\Component\Local</Filter>
    </ClCompile>
    <ClCompile Include="Key.cpp">
      <Filter>Source Files\Component\Local</Filter>
    </ClCompile>
    <ClCompile Include="Camera.cpp">
      <Filter>Source Files\Component\Global</Filter>
    </ClCompile>
    <ClCompile Include="Transform.cpp">
      <Filter>Source Files\Component\Global</Filter>
    </ClCompile>
    <ClCompile Include="MeshRenderer.cpp">
      <Filter>Source Files\Component\Global</Filter>
    </ClCompile>
    <ClCompile Include="PlayerMovement.cpp">
      <Filter>Source Files\Component\Local</Filter>
    </ClCompile>
    <ClCompile Include="Grab.cpp">
      <Filter>Source Files\Component\Local</Filter>
    </ClCompile>
    <ClCompile Include="InteractableObject.cpp">
      <Filter>Source Files\Component\Local</Filter>
    </ClCompile>
  </ItemGroup>
  <ItemGroup>
    <None Include="Phong.frag">
      <Filter>Resource Files\Shaders\Phong</Filter>
    </None>
    <None Include="Phong.vert">
      <Filter>Resource Files\Shaders\Phong</Filter>
    </None>
    <None Include="Scene1.scn">
      <Filter>Resource Files\Scenes</Filter>
    </None>
    <None Include="Map1.map">
      <Filter>Resource Files\Maps</Filter>
    </None>
  </ItemGroup>
</Project>